
Microsoft Visual Studio Solution File, Format Version 12.00
# Visual Studio Version 17
VisualStudioVersion = 17.2.32602.215
MinimumVisualStudioVersion = 10.0.40219.1
Project("{8BC9CEB8-8B4A-11D0-8D11-00A0C91BC942}") = "NBA 2K17 GameServer", "NBA 2K17 GameServer\NBA 2K17 GameServer.vcxproj", "{F3A8DE1A-F5D6-4308-90E0-4C7A1C040A68}"
EndProject
Global
	GlobalSection(SolutionConfigurationPlatforms) = preSolution
		Debug|x64 = Debug|x64
		Debug|x86 = Debug|x86
		Release|x64 = Release|x64
		Release|x86 = Release|x86
	EndGlobalSection
	GlobalSection(ProjectConfigurationPlatforms) = postSolution
		{F3A8DE1A-F5D6-4308-90E0-4C7A1C040A68}.Debug|x64.ActiveCfg = Debug|x64
		{F3A8DE1A-F5D6-4308-90E0-4C7A1C040A68}.Debug|x64.Build.0 = Debug|x64
		{F3A8DE1A-F5D6-4308-90E0-4C7A1C040A68}.Debug|x86.ActiveCfg = Debug|Win32
		{F3A8DE1A-F5D6-4308-90E0-4C7A1C040A68}.Debug|x86.Build.0 = Debug|Win32
		{F3A8DE1A-F5D6-4308-90E0-4C7A1C040A68}.Release|x64.ActiveCfg = Release|x64
		{F3A8DE1A-F5D6-4308-90E0-4C7A1C040A68}.Release|x64.Build.0 = Release|x64
		{F3A8DE1A-F5D6-4308-90E0-4C7A1C040A68}.Release|x86.ActiveCfg = Release|Win32
		{F3A8DE1A-F5D6-4308-90E0-4C7A1C040A68}.Release|x86.Build.0 = Release|Win32
	EndGlobalSection
	GlobalSection(SolutionProperties) = preSolution
		HideSolutionNode = FALSE
	EndGlobalSection
	GlobalSection(ExtensibilityGlobals) = postSolution
		SolutionGuid = {639B9F47-CB7B-4B04-A60C-BD5AE04672B1}
	EndGlobalSection
EndGlobal
